
Microsoft Visual Studio Solution File, Format Version 12.00
# Visual Studio Version 16
VisualStudioVersion = 16.0.810.25
MinimumVisualStudioVersion = 10.0.40219.1
Project("{2150E333-8FDC-42A3-9474-1A3956D46DE8}") = "Web", "Web", "{BBC4D192-7A03-4305-A149-19DE55AB2C59}"
EndProject
Project("{2150E333-8FDC-42A3-9474-1A3956D46DE8}") = "BuildingBlocks", "BuildingBlocks", "{89DF576B-445D-495F-97D0-2BBBD5B2F310}"
EndProject
Project("{2150E333-8FDC-42A3-9474-1A3956D46DE8}") = "Core", "Core", "{DEA7AC2F-AFA0-43EB-A2F8-32BABC64E5F3}"
EndProject
Project("{2150E333-8FDC-42A3-9474-1A3956D46DE8}") = "Services", "Services", "{ED5ECFF1-068C-49AE-8DE7-735B6D7DD9C0}"
EndProject
Project("{2150E333-8FDC-42A3-9474-1A3956D46DE8}") = "APIs", "APIs", "{E90DDCC7-A9F1-4871-AA63-38E91B475534}"
EndProject
Project("{2150E333-8FDC-42A3-9474-1A3956D46DE8}") = "Windows", "Windows", "{0714C9A6-BBD8-4C77-9715-44008B9B4E81}"
EndProject
Project("{2150E333-8FDC-42A3-9474-1A3956D46DE8}") = "ApiGateways", "ApiGateways", "{216F858E-F737-4AE0-BE4E-F3B8C53E4E8F}"
EndProject
Project("{E53339B2-1760-4266-BCC7-CA923CBCF16C}") = "docker-compose", "docker-compose.dcproj", "{16883FB0-F7C6-4F05-AD03-834A8FF06A06}"
EndProject
Project("{FAE04EC0-301F-11D3-BF4B-00C04F79EFBC}") = "eMedicalManagementMinimalAPI.DataAccess", "Core\eMedicalManagementMinimalAPI.DataAccess\eMedicalManagementMinimalAPI.DataAccess.csproj", "{7A11199B-4D70-4936-9A9A-C67E3C3E27D5}"
EndProject
Project("{FAE04EC0-301F-11D3-BF4B-00C04F79EFBC}") = "eMedicalManagementBasicAPI", "Services\APIs\eMedicalManagementBasicAPI\eMedicalManagementBasicAPI.csproj", "{27B01C13-F184-4466-8434-D51C30FDB5AE}"
EndProject
Project("{FAE04EC0-301F-11D3-BF4B-00C04F79EFBC}") = "eMedicalManagementMinimalAPI", "Services\APIs\eMedicalManagementMinimalAPI\eMedicalManagementMinimalAPI.csproj", "{10C70699-1818-4A17-979B-0A920DDB0F6E}"
EndProject
Project("{FAE04EC0-301F-11D3-BF4B-00C04F79EFBC}") = "eMedicalManagementAngular", "Web\eMedicalManagementAngular\eMedicalManagementAngular.csproj", "{1EFD9322-5E1B-4C16-8D56-D189366ED947}"
EndProject
Project("{FAE04EC0-301F-11D3-BF4B-00C04F79EFBC}") = "eMedicalManagementBlazor", "Web\eMedicalManagementBlazor\eMedicalManagementBlazor.csproj", "{BB803BD2-C525-47A3-950F-1DABC93C584A}"
EndProject
Project("{FAE04EC0-301F-11D3-BF4B-00C04F79EFBC}") = "eMedicalManagementMVC", "Web\eMedicalManagementMVC\eMedicalManagementMVC.csproj", "{4CBEE0E1-89BC-4AE1-86BF-D3ADDE358F2E}"
EndProject
Project("{FAE04EC0-301F-11D3-BF4B-00C04F79EFBC}") = "eMedicalManagementRazor", "Web\eMedicalManagementRazor\eMedicalManagementRazor.csproj", "{038A3C03-514E-4BB6-BCB0-0DE1F2FB9BF1}"
EndProject
Project("{FAE04EC0-301F-11D3-BF4B-00C04F79EFBC}") = "eMedicalManagementReact", "Web\eMedicalManagementReact\eMedicalManagementReact.csproj", "{DB7B6C69-9506-47FC-961D-D69EB3C46CAE}"
EndProject
Project("{2150E333-8FDC-42A3-9474-1A3956D46DE8}") = "src", "src", "{4F2DDDA9-61E3-4FAF-8929-AACC77AFBBF1}"
	ProjectSection(SolutionItems) = preProject
		Dockerfile = Dockerfile
	EndProjectSection
EndProject
Project("{FAE04EC0-301F-11D3-BF4B-00C04F79EFBC}") = "eMedicalManagementMinimalAPI.Core", "..\eMedicalManagementMinimalAPI.Core\eMedicalManagementMinimalAPI.Core.csproj", "{47DC87DD-9C0B-4677-9D88-9C9FC7561CB0}"
EndProject
Project("{2150E333-8FDC-42A3-9474-1A3956D46DE8}") = "Infrastructure", "Infrastructure", "{F9B513EB-6742-403A-B1C1-2EB9C847BC3D}"
EndProject
Project("{FAE04EC0-301F-11D3-BF4B-00C04F79EFBC}") = "eMedicalManagementMinimalAPI.Domain", "Core\eMedicalManagementMinimalAPI.Domain\eMedicalManagementMinimalAPI.Domain.csproj", "{4D6D07C2-3718-49F0-B067-57F24976512B}"
EndProject
Project("{FAE04EC0-301F-11D3-BF4B-00C04F79EFBC}") = "eMedicalManagementMinimalAPI.Application", "Core\eMedicalManagementMinimalAPI.Application\eMedicalManagementMinimalAPI.Application.csproj", "{5D93C4B3-EB9A-49D8-B8C4-EB75F58A0CF7}"
EndProject
Project("{FAE04EC0-301F-11D3-BF4B-00C04F79EFBC}") = "eMedicalManagementMinimalAPI.Infrastructure.Persistence", "Infrastructure\eMedicalManagementMinimalAPI.Infrastructure.Persistence\eMedicalManagementMinimalAPI.Infrastructure.Persistence.csproj", "{0247CE90-9794-4C8D-95DE-7766A848B08C}"
EndProject
Project("{FAE04EC0-301F-11D3-BF4B-00C04F79EFBC}") = "eMedicalManagementMinimalAPI.Infrastructure.Shared", "Infrastructure\eMedicalManagementMinimalAPI.Infrastructure.Shared\eMedicalManagementMinimalAPI.Infrastructure.Shared.csproj", "{880B291C-461D-4743-8B3B-2A096F6BE08E}"
EndProject
Project("{FAE04EC0-301F-11D3-BF4B-00C04F79EFBC}") = "eMedicalManagementMinimalAPI.Infrastructure", "..\eMedicalManagementMinimalAPI.Infrastructure\eMedicalManagementMinimalAPI.Infrastructure.csproj", "{30D1E1AC-DA86-434D-8533-E49D2659B833}"
EndProject
Project("{FAE04EC0-301F-11D3-BF4B-00C04F79EFBC}") = "eMedicalManagmentODataAPI", "Services\APIs\eMedicalManagmentODataAPI\eMedicalManagmentODataAPI.csproj", "{BAA15727-90F7-493D-B7B4-48BD73B85285}"
EndProject
Project("{2150E333-8FDC-42A3-9474-1A3956D46DE8}") = "SchoolModule", "SchoolModule", "{D5568415-4501-45F0-9F78-7492CA3C42D2}"
EndProject
Project("{FAE04EC0-301F-11D3-BF4B-00C04F79EFBC}") = "eSchoolManagementMVC", "Web\SchoolModule\eSchoolManagementMVC\eSchoolManagementMVC.csproj", "{E4A1367B-6326-43D1-9069-4297E6E63F45}"
EndProject
Global
	GlobalSection(SolutionConfigurationPlatforms) = preSolution
		Debug|Any CPU = Debug|Any CPU
		Release|Any CPU = Release|Any CPU
	EndGlobalSection
	GlobalSection(ProjectConfigurationPlatforms) = postSolution
		{DAED7269-7394-4CE0-AA8C-37C2FEFA2394}.Debug|Any CPU.ActiveCfg = Debug|Any CPU
		{DAED7269-7394-4CE0-AA8C-37C2FEFA2394}.Debug|Any CPU.Build.0 = Debug|Any CPU
		{DAED7269-7394-4CE0-AA8C-37C2FEFA2394}.Release|Any CPU.ActiveCfg = Release|Any CPU
		{DAED7269-7394-4CE0-AA8C-37C2FEFA2394}.Release|Any CPU.Build.0 = Release|Any CPU
		{D2F94471-70B0-4085-BD43-30109B010AAC}.Debug|Any CPU.ActiveCfg = Debug|Any CPU
		{D2F94471-70B0-4085-BD43-30109B010AAC}.Debug|Any CPU.Build.0 = Debug|Any CPU
		{D2F94471-70B0-4085-BD43-30109B010AAC}.Release|Any CPU.ActiveCfg = Release|Any CPU
		{D2F94471-70B0-4085-BD43-30109B010AAC}.Release|Any CPU.Build.0 = Release|Any CPU
		{CD93A840-C0CC-4EE8-84D4-B58691F99E2B}.Debug|Any CPU.ActiveCfg = Debug|Any CPU
		{CD93A840-C0CC-4EE8-84D4-B58691F99E2B}.Debug|Any CPU.Build.0 = Debug|Any CPU
		{CD93A840-C0CC-4EE8-84D4-B58691F99E2B}.Release|Any CPU.ActiveCfg = Release|Any CPU
		{CD93A840-C0CC-4EE8-84D4-B58691F99E2B}.Release|Any CPU.Build.0 = Release|Any CPU
		{1E5D5C2F-0D89-4754-B56B-2E073AF1A070}.Debug|Any CPU.ActiveCfg = Debug|Any CPU
		{1E5D5C2F-0D89-4754-B56B-2E073AF1A070}.Debug|Any CPU.Build.0 = Debug|Any CPU
		{1E5D5C2F-0D89-4754-B56B-2E073AF1A070}.Release|Any CPU.ActiveCfg = Release|Any CPU
		{1E5D5C2F-0D89-4754-B56B-2E073AF1A070}.Release|Any CPU.Build.0 = Release|Any CPU
		{9ABD72AD-ACD4-4FE1-8ACA-909D0064351D}.Debug|Any CPU.ActiveCfg = Debug|Any CPU
		{9ABD72AD-ACD4-4FE1-8ACA-909D0064351D}.Debug|Any CPU.Build.0 = Debug|Any CPU
		{9ABD72AD-ACD4-4FE1-8ACA-909D0064351D}.Release|Any CPU.ActiveCfg = Release|Any CPU
		{9ABD72AD-ACD4-4FE1-8ACA-909D0064351D}.Release|Any CPU.Build.0 = Release|Any CPU
		{53A47E13-9ABE-4563-BFEC-B562572FEFE8}.Debug|Any CPU.ActiveCfg = Debug|Any CPU
		{53A47E13-9ABE-4563-BFEC-B562572FEFE8}.Debug|Any CPU.Build.0 = Debug|Any CPU
		{53A47E13-9ABE-4563-BFEC-B562572FEFE8}.Release|Any CPU.ActiveCfg = Release|Any CPU
		{53A47E13-9ABE-4563-BFEC-B562572FEFE8}.Release|Any CPU.Build.0 = Release|Any CPU
		{0039D2E1-2C78-449F-8203-DABDF314CF14}.Debug|Any CPU.ActiveCfg = Debug|Any CPU
		{0039D2E1-2C78-449F-8203-DABDF314CF14}.Debug|Any CPU.Build.0 = Debug|Any CPU
		{0039D2E1-2C78-449F-8203-DABDF314CF14}.Release|Any CPU.ActiveCfg = Release|Any CPU
		{0039D2E1-2C78-449F-8203-DABDF314CF14}.Release|Any CPU.Build.0 = Release|Any CPU
		{12EA2477-B152-40BB-B730-CD61E9A97064}.Debug|Any CPU.ActiveCfg = Debug|Any CPU
		{12EA2477-B152-40BB-B730-CD61E9A97064}.Debug|Any CPU.Build.0 = Debug|Any CPU
		{12EA2477-B152-40BB-B730-CD61E9A97064}.Release|Any CPU.ActiveCfg = Release|Any CPU
		{12EA2477-B152-40BB-B730-CD61E9A97064}.Release|Any CPU.Build.0 = Release|Any CPU
		{25941A96-EDB1-49A9-AC98-647D435CE423}.Debug|Any CPU.ActiveCfg = Debug|Any CPU
		{25941A96-EDB1-49A9-AC98-647D435CE423}.Debug|Any CPU.Build.0 = Debug|Any CPU
		{25941A96-EDB1-49A9-AC98-647D435CE423}.Release|Any CPU.ActiveCfg = Release|Any CPU
		{25941A96-EDB1-49A9-AC98-647D435CE423}.Release|Any CPU.Build.0 = Release|Any CPU
		{16883FB0-F7C6-4F05-AD03-834A8FF06A06}.Debug|Any CPU.ActiveCfg = Debug|Any CPU
		{16883FB0-F7C6-4F05-AD03-834A8FF06A06}.Debug|Any CPU.Build.0 = Debug|Any CPU
		{16883FB0-F7C6-4F05-AD03-834A8FF06A06}.Release|Any CPU.ActiveCfg = Release|Any CPU
		{16883FB0-F7C6-4F05-AD03-834A8FF06A06}.Release|Any CPU.Build.0 = Release|Any CPU
		{7A11199B-4D70-4936-9A9A-C67E3C3E27D5}.Debug|Any CPU.ActiveCfg = Debug|Any CPU
		{7A11199B-4D70-4936-9A9A-C67E3C3E27D5}.Debug|Any CPU.Build.0 = Debug|Any CPU
		{7A11199B-4D70-4936-9A9A-C67E3C3E27D5}.Release|Any CPU.ActiveCfg = Release|Any CPU
		{7A11199B-4D70-4936-9A9A-C67E3C3E27D5}.Release|Any CPU.Build.0 = Release|Any CPU
		{27B01C13-F184-4466-8434-D51C30FDB5AE}.Debug|Any CPU.ActiveCfg = Debug|Any CPU
		{27B01C13-F184-4466-8434-D51C30FDB5AE}.Debug|Any CPU.Build.0 = Debug|Any CPU
		{27B01C13-F184-4466-8434-D51C30FDB5AE}.Release|Any CPU.ActiveCfg = Release|Any CPU
		{27B01C13-F184-4466-8434-D51C30FDB5AE}.Release|Any CPU.Build.0 = Release|Any CPU
		{10C70699-1818-4A17-979B-0A920DDB0F6E}.Debug|Any CPU.ActiveCfg = Debug|Any CPU
		{10C70699-1818-4A17-979B-0A920DDB0F6E}.Debug|Any CPU.Build.0 = Debug|Any CPU
		{10C70699-1818-4A17-979B-0A920DDB0F6E}.Release|Any CPU.ActiveCfg = Release|Any CPU
		{10C70699-1818-4A17-979B-0A920DDB0F6E}.Release|Any CPU.Build.0 = Release|Any CPU
		{1EFD9322-5E1B-4C16-8D56-D189366ED947}.Debug|Any CPU.ActiveCfg = Debug|Any CPU
		{1EFD9322-5E1B-4C16-8D56-D189366ED947}.Debug|Any CPU.Build.0 = Debug|Any CPU
		{1EFD9322-5E1B-4C16-8D56-D189366ED947}.Release|Any CPU.ActiveCfg = Release|Any CPU
		{1EFD9322-5E1B-4C16-8D56-D189366ED947}.Release|Any CPU.Build.0 = Release|Any CPU
		{BB803BD2-C525-47A3-950F-1DABC93C584A}.Debug|Any CPU.ActiveCfg = Debug|Any CPU
		{BB803BD2-C525-47A3-950F-1DABC93C584A}.Debug|Any CPU.Build.0 = Debug|Any CPU
		{BB803BD2-C525-47A3-950F-1DABC93C584A}.Release|Any CPU.ActiveCfg = Release|Any CPU
		{BB803BD2-C525-47A3-950F-1DABC93C584A}.Release|Any CPU.Build.0 = Release|Any CPU
		{4CBEE0E1-89BC-4AE1-86BF-D3ADDE358F2E}.Debug|Any CPU.ActiveCfg = Debug|Any CPU
		{4CBEE0E1-89BC-4AE1-86BF-D3ADDE358F2E}.Debug|Any CPU.Build.0 = Debug|Any CPU
		{4CBEE0E1-89BC-4AE1-86BF-D3ADDE358F2E}.Release|Any CPU.ActiveCfg = Release|Any CPU
		{4CBEE0E1-89BC-4AE1-86BF-D3ADDE358F2E}.Release|Any CPU.Build.0 = Release|Any CPU
		{038A3C03-514E-4BB6-BCB0-0DE1F2FB9BF1}.Debug|Any CPU.ActiveCfg = Debug|Any CPU
		{038A3C03-514E-4BB6-BCB0-0DE1F2FB9BF1}.Debug|Any CPU.Build.0 = Debug|Any CPU
		{038A3C03-514E-4BB6-BCB0-0DE1F2FB9BF1}.Release|Any CPU.ActiveCfg = Release|Any CPU
		{038A3C03-514E-4BB6-BCB0-0DE1F2FB9BF1}.Release|Any CPU.Build.0 = Release|Any CPU
		{DB7B6C69-9506-47FC-961D-D69EB3C46CAE}.Debug|Any CPU.ActiveCfg = Debug|Any CPU
		{DB7B6C69-9506-47FC-961D-D69EB3C46CAE}.Debug|Any CPU.Build.0 = Debug|Any CPU
		{DB7B6C69-9506-47FC-961D-D69EB3C46CAE}.Release|Any CPU.ActiveCfg = Release|Any CPU
		{DB7B6C69-9506-47FC-961D-D69EB3C46CAE}.Release|Any CPU.Build.0 = Release|Any CPU
		{47DC87DD-9C0B-4677-9D88-9C9FC7561CB0}.Debug|Any CPU.ActiveCfg = Debug|Any CPU
		{47DC87DD-9C0B-4677-9D88-9C9FC7561CB0}.Debug|Any CPU.Build.0 = Debug|Any CPU
		{47DC87DD-9C0B-4677-9D88-9C9FC7561CB0}.Release|Any CPU.ActiveCfg = Release|Any CPU
		{47DC87DD-9C0B-4677-9D88-9C9FC7561CB0}.Release|Any CPU.Build.0 = Release|Any CPU
		{4D6D07C2-3718-49F0-B067-57F24976512B}.Debug|Any CPU.ActiveCfg = Debug|Any CPU
		{4D6D07C2-3718-49F0-B067-57F24976512B}.Debug|Any CPU.Build.0 = Debug|Any CPU
		{4D6D07C2-3718-49F0-B067-57F24976512B}.Release|Any CPU.ActiveCfg = Release|Any CPU
		{4D6D07C2-3718-49F0-B067-57F24976512B}.Release|Any CPU.Build.0 = Release|Any CPU
		{5D93C4B3-EB9A-49D8-B8C4-EB75F58A0CF7}.Debug|Any CPU.ActiveCfg = Debug|Any CPU
		{5D93C4B3-EB9A-49D8-B8C4-EB75F58A0CF7}.Debug|Any CPU.Build.0 = Debug|Any CPU
		{5D93C4B3-EB9A-49D8-B8C4-EB75F58A0CF7}.Release|Any CPU.ActiveCfg = Release|Any CPU
		{5D93C4B3-EB9A-49D8-B8C4-EB75F58A0CF7}.Release|Any CPU.Build.0 = Release|Any CPU
		{0247CE90-9794-4C8D-95DE-7766A848B08C}.Debug|Any CPU.ActiveCfg = Debug|Any CPU
		{0247CE90-9794-4C8D-95DE-7766A848B08C}.Debug|Any CPU.Build.0 = Debug|Any CPU
		{0247CE90-9794-4C8D-95DE-7766A848B08C}.Release|Any CPU.ActiveCfg = Release|Any CPU
		{0247CE90-9794-4C8D-95DE-7766A848B08C}.Release|Any CPU.Build.0 = Release|Any CPU
		{880B291C-461D-4743-8B3B-2A096F6BE08E}.Debug|Any CPU.ActiveCfg = Debug|Any CPU
		{880B291C-461D-4743-8B3B-2A096F6BE08E}.Debug|Any CPU.Build.0 = Debug|Any CPU
		{880B291C-461D-4743-8B3B-2A096F6BE08E}.Release|Any CPU.ActiveCfg = Release|Any CPU
		{880B291C-461D-4743-8B3B-2A096F6BE08E}.Release|Any CPU.Build.0 = Release|Any CPU
		{30D1E1AC-DA86-434D-8533-E49D2659B833}.Debug|Any CPU.ActiveCfg = Debug|Any CPU
		{30D1E1AC-DA86-434D-8533-E49D2659B833}.Debug|Any CPU.Build.0 = Debug|Any CPU
		{30D1E1AC-DA86-434D-8533-E49D2659B833}.Release|Any CPU.ActiveCfg = Release|Any CPU
		{30D1E1AC-DA86-434D-8533-E49D2659B833}.Release|Any CPU.Build.0 = Release|Any CPU
		{BAA15727-90F7-493D-B7B4-48BD73B85285}.Debug|Any CPU.ActiveCfg = Debug|Any CPU
		{BAA15727-90F7-493D-B7B4-48BD73B85285}.Debug|Any CPU.Build.0 = Debug|Any CPU
		{BAA15727-90F7-493D-B7B4-48BD73B85285}.Release|Any CPU.ActiveCfg = Release|Any CPU
		{BAA15727-90F7-493D-B7B4-48BD73B85285}.Release|Any CPU.Build.0 = Release|Any CPU
		{E4A1367B-6326-43D1-9069-4297E6E63F45}.Debug|Any CPU.ActiveCfg = Debug|Any CPU
		{E4A1367B-6326-43D1-9069-4297E6E63F45}.Debug|Any CPU.Build.0 = Debug|Any CPU
		{E4A1367B-6326-43D1-9069-4297E6E63F45}.Release|Any CPU.ActiveCfg = Release|Any CPU
		{E4A1367B-6326-43D1-9069-4297E6E63F45}.Release|Any CPU.Build.0 = Release|Any CPU
	EndGlobalSection
	GlobalSection(SolutionProperties) = preSolution
		HideSolutionNode = FALSE
	EndGlobalSection
	GlobalSection(ExtensibilityGlobals) = postSolution
		SolutionGuid = {D06F7E02-5B3F-462D-9694-260B3CD6B2BB}
	EndGlobalSection
	GlobalSection(NestedProjects) = preSolution
		{E90DDCC7-A9F1-4871-AA63-38E91B475534} = {ED5ECFF1-068C-49AE-8DE7-735B6D7DD9C0}
		{0714C9A6-BBD8-4C77-9715-44008B9B4E81} = {ED5ECFF1-068C-49AE-8DE7-735B6D7DD9C0}
		{DAED7269-7394-4CE0-AA8C-37C2FEFA2394} = {BBC4D192-7A03-4305-A149-19DE55AB2C59}
		{D2F94471-70B0-4085-BD43-30109B010AAC} = {BBC4D192-7A03-4305-A149-19DE55AB2C59}
		{CD93A840-C0CC-4EE8-84D4-B58691F99E2B} = {BBC4D192-7A03-4305-A149-19DE55AB2C59}
		{1E5D5C2F-0D89-4754-B56B-2E073AF1A070} = {BBC4D192-7A03-4305-A149-19DE55AB2C59}
		{9ABD72AD-ACD4-4FE1-8ACA-909D0064351D} = {E90DDCC7-A9F1-4871-AA63-38E91B475534}
		{53A47E13-9ABE-4563-BFEC-B562572FEFE8} = {E90DDCC7-A9F1-4871-AA63-38E91B475534}
		{0039D2E1-2C78-449F-8203-DABDF314CF14} = {E90DDCC7-A9F1-4871-AA63-38E91B475534}
		{12EA2477-B152-40BB-B730-CD61E9A97064} = {E90DDCC7-A9F1-4871-AA63-38E91B475534}
		{25941A96-EDB1-49A9-AC98-647D435CE423} = {DEA7AC2F-AFA0-43EB-A2F8-32BABC64E5F3}
		{7A11199B-4D70-4936-9A9A-C67E3C3E27D5} = {DEA7AC2F-AFA0-43EB-A2F8-32BABC64E5F3}
		{27B01C13-F184-4466-8434-D51C30FDB5AE} = {E90DDCC7-A9F1-4871-AA63-38E91B475534}
		{10C70699-1818-4A17-979B-0A920DDB0F6E} = {E90DDCC7-A9F1-4871-AA63-38E91B475534}
		{1EFD9322-5E1B-4C16-8D56-D189366ED947} = {BBC4D192-7A03-4305-A149-19DE55AB2C59}
		{BB803BD2-C525-47A3-950F-1DABC93C584A} = {BBC4D192-7A03-4305-A149-19DE55AB2C59}
		{4CBEE0E1-89BC-4AE1-86BF-D3ADDE358F2E} = {BBC4D192-7A03-4305-A149-19DE55AB2C59}
		{038A3C03-514E-4BB6-BCB0-0DE1F2FB9BF1} = {BBC4D192-7A03-4305-A149-19DE55AB2C59}
		{DB7B6C69-9506-47FC-961D-D69EB3C46CAE} = {BBC4D192-7A03-4305-A149-19DE55AB2C59}
		{216F858E-F737-4AE0-BE4E-F3B8C53E4E8F} = {4F2DDDA9-61E3-4FAF-8929-AACC77AFBBF1}
		{ED5ECFF1-068C-49AE-8DE7-735B6D7DD9C0} = {4F2DDDA9-61E3-4FAF-8929-AACC77AFBBF1}
		{DEA7AC2F-AFA0-43EB-A2F8-32BABC64E5F3} = {4F2DDDA9-61E3-4FAF-8929-AACC77AFBBF1}
		{89DF576B-445D-495F-97D0-2BBBD5B2F310} = {4F2DDDA9-61E3-4FAF-8929-AACC77AFBBF1}
		{BBC4D192-7A03-4305-A149-19DE55AB2C59} = {4F2DDDA9-61E3-4FAF-8929-AACC77AFBBF1}
		{47DC87DD-9C0B-4677-9D88-9C9FC7561CB0} = {DEA7AC2F-AFA0-43EB-A2F8-32BABC64E5F3}
		{F9B513EB-6742-403A-B1C1-2EB9C847BC3D} = {4F2DDDA9-61E3-4FAF-8929-AACC77AFBBF1}
		{4D6D07C2-3718-49F0-B067-57F24976512B} = {DEA7AC2F-AFA0-43EB-A2F8-32BABC64E5F3}
		{5D93C4B3-EB9A-49D8-B8C4-EB75F58A0CF7} = {DEA7AC2F-AFA0-43EB-A2F8-32BABC64E5F3}
		{0247CE90-9794-4C8D-95DE-7766A848B08C} = {F9B513EB-6742-403A-B1C1-2EB9C847BC3D}
		{880B291C-461D-4743-8B3B-2A096F6BE08E} = {F9B513EB-6742-403A-B1C1-2EB9C847BC3D}
		{30D1E1AC-DA86-434D-8533-E49D2659B833} = {DEA7AC2F-AFA0-43EB-A2F8-32BABC64E5F3}
		{BAA15727-90F7-493D-B7B4-48BD73B85285} = {E90DDCC7-A9F1-4871-AA63-38E91B475534}
		{D5568415-4501-45F0-9F78-7492CA3C42D2} = {BBC4D192-7A03-4305-A149-19DE55AB2C59}
		{E4A1367B-6326-43D1-9069-4297E6E63F45} = {D5568415-4501-45F0-9F78-7492CA3C42D2}
	EndGlobalSection
EndGlobal
